// !$*UTF8*$!
{
	archiveVersion = 1;
	classes = {
	};
	objectVersion = 77;
	objects = {

/* Begin PBXBuildFile section */
		E305D04C2F907912006D3001 /* MLXEmbedders in Frameworks */ = {isa = PBXBuildFile; productRef = E305D04B2F907912006D3001 /* MLXEmbedders */; };
		E305D04E2F907912006D3001 /* MLXHuggingFace in Frameworks */ = {isa = PBXBuildFile; productRef = E305D04D2F907912006D3001 /* MLXHuggingFace */; };
		E305D0502F907912006D3001 /* MLXLLM in Frameworks */ = {isa = PBXBuildFile; productRef = E305D04F2F907912006D3001 /* MLXLLM */; };
		E305D0522F907912006D3001 /* MLXLMCommon in Frameworks */ = {isa = PBXBuildFile; productRef = E305D0512F907912006D3001 /* MLXLMCommon */; };
		E305D0542F907912006D3001 /* MLXVLM in Frameworks */ = {isa = PBXBuildFile; productRef = E305D0532F907912006D3001 /* MLXVLM */; };
		E35BDEEF2F84074100F67564 /* MLX in Frameworks */ = {isa = PBXBuildFile; productRef = E35BDEEE2F84074100F67564 /* MLX */; };
		E35BDEF12F84074100F67564 /* MLXFFT in Frameworks */ = {isa = PBXBuildFile; productRef = E35BDEF02F84074100F67564 /* MLXFFT */; };
		E35BDEF32F84074100F67564 /* MLXFast in Frameworks */ = {isa = PBXBuildFile; productRef = E35BDEF22F84074100F67564 /* MLXFast */; };
		E35BDEF52F84074100F67564 /* MLXLinalg in Frameworks */ = {isa = PBXBuildFile; productRef = E35BDEF42F84074100F67564 /* MLXLinalg */; };
		E35BDEF72F84074100F67564 /* MLXNN in Frameworks */ = {isa = PBXBuildFile; productRef = E35BDEF62F84074100F67564 /* MLXNN */; };
		E35BDEF92F84074100F67564 /* MLXOptimizers in Frameworks */ = {isa = PBXBuildFile; productRef = E35BDEF82F84074100F67564 /* MLXOptimizers */; };
		E35BDEFB2F84074100F67564 /* MLXRandom in Frameworks */ = {isa = PBXBuildFile; productRef = E35BDEFA2F84074100F67564 /* MLXRandom */; };
		E3A31F312F8FBE8F00D18547 /* ExyteChat in Frameworks */ = {isa = PBXBuildFile; productRef = E3A31F302F8FBE8F00D18547 /* ExyteChat */; };
		E3AADEB62F90B96B0058D9E1 /* MLXEmbeddersTokenizers in Frameworks */ = {isa = PBXBuildFile; productRef = E3AADEB52F90B96B0058D9E1 /* MLXEmbeddersTokenizers */; };
		E3AADEB82F90B96B0058D9E1 /* MLXLMTokenizers in Frameworks */ = {isa = PBXBuildFile; productRef = E3AADEB72F90B96B0058D9E1 /* MLXLMTokenizers */; };
		E3AADEBB2F90B9CE0058D9E1 /* MLXEmbeddersHFAPI in Frameworks */ = {isa = PBXBuildFile; productRef = E3AADEBA2F90B9CE0058D9E1 /* MLXEmbeddersHFAPI */; };
		E3AADEBD2F90B9CE0058D9E1 /* MLXLMHFAPI in Frameworks */ = {isa = PBXBuildFile; productRef = E3AADEBC2F90B9CE0058D9E1 /* MLXLMHFAPI */; };
/* End PBXBuildFile section */

/* Begin PBXFileReference section */
		E3ED2F2D2F83D4CD0058D483 /* LLM Xplore.app */ = {isa = PBXFileReference; explicitFileType = wrapper.application; includeInIndex = 0; path = "LLM Xplore.app"; sourceTree = BUILT_PRODUCTS_DIR; };
/* End PBXFileReference section */

/* Begin PBXFileSystemSynchronizedRootGroup section */
		E3ED2F2F2F83D4CD0058D483 /* LLM Xplore */ = {
			isa = PBXFileSystemSynchronizedRootGroup;
			path = "LLM Xplore";
			sourceTree = "<group>";
		};
/* End PBXFileSystemSynchronizedRootGroup section */

/* Begin PBXFrameworksBuildPhase section */
		E3ED2F2A2F83D4CD0058D483 /* Frameworks */ = {
			isa = PBXFrameworksBuildPhase;
			buildActionMask = 2147483647;
			files = (
				E305D0542F907912006D3001 /* MLXVLM in Frameworks */,
				E3AADEB82F90B96B0058D9E1 /* MLXLMTokenizers in Frameworks */,
				E3A31F312F8FBE8F00D18547 /* ExyteChat in Frameworks */,
				E35BDEF92F84074100F67564 /* MLXOptimizers in Frameworks */,
				E305D04C2F907912006D3001 /* MLXEmbedders in Frameworks */,
				E3AADEBB2F90B9CE0058D9E1 /* MLXEmbeddersHFAPI in Frameworks */,
				E35BDEF32F84074100F67564 /* MLXFast in Frameworks */,
				E35BDEF52F84074100F67564 /* MLXLinalg in Frameworks */,
				E305D04E2F907912006D3001 /* MLXHuggingFace in Frameworks */,
				E35BDEEF2F84074100F67564 /* MLX in Frameworks */,
				E35BDEF72F84074100F67564 /* MLXNN in Frameworks */,
				E3AADEBD2F90B9CE0058D9E1 /* MLXLMHFAPI in Frameworks */,
				E35BDEF12F84074100F67564 /* MLXFFT in Frameworks */,
				E305D0502F907912006D3001 /* MLXLLM in Frameworks */,
				E305D0522F907912006D3001 /* MLXLMCommon in Frameworks */,
				E3AADEB62F90B96B0058D9E1 /* MLXEmbeddersTokenizers in Frameworks */,
				E35BDEFB2F84074100F67564 /* MLXRandom in Frameworks */,
			);
			runOnlyForDeploymentPostprocessing = 0;
		};
/* End PBXFrameworksBuildPhase section */

/* Begin PBXGroup section */
		E3ED2F242F83D4CD0058D483 = {
			isa = PBXGroup;
			children = (
				E3ED2F2F2F83D4CD0058D483 /* LLM Xplore */,
				E3ED2F2E2F83D4CD0058D483 /* Products */,
			);
			sourceTree = "<group>";
		};
		E3ED2F2E2F83D4CD0058D483 /* Products */ = {
			isa = PBXGroup;
			children = (
				E3ED2F2D2F83D4CD0058D483 /* LLM Xplore.app */,
			);
			name = Products;
			sourceTree = "<group>";
		};
/* End PBXGroup section */

/* Begin PBXNativeTarget section */
		E3ED2F2C2F83D4CD0058D483 /* LLM Xplore */ = {
			isa = PBXNativeTarget;
			buildConfigurationList = E3ED2F3A2F83D4CE0058D483 /* Build configuration list for PBXNativeTarget "LLM Xplore" */;
			buildPhases = (
				E3ED2F292F83D4CD0058D483 /* Sources */,
				E3ED2F2A2F83D4CD0058D483 /* Frameworks */,
				E3ED2F2B2F83D4CD0058D483 /* Resources */,
			);
			buildRules = (
			);
			dependencies = (
			);
			fileSystemSynchronizedGroups = (
				E3ED2F2F2F83D4CD0058D483 /* LLM Xplore */,
			);
			name = "LLM Xplore";
			packageProductDependencies = (
				E35BDEEE2F84074100F67564 /* MLX */,
				E35BDEF02F84074100F67564 /* MLXFFT */,
				E35BDEF22F84074100F67564 /* MLXFast */,
				E35BDEF42F84074100F67564 /* MLXLinalg */,
				E35BDEF62F84074100F67564 /* MLXNN */,
				E35BDEF82F84074100F67564 /* MLXOptimizers */,
				E35BDEFA2F84074100F67564 /* MLXRandom */,
				E3A31F302F8FBE8F00D18547 /* ExyteChat */,
				E305D04B2F907912006D3001 /* MLXEmbedders */,
				E305D04D2F907912006D3001 /* MLXHuggingFace */,
				E305D04F2F907912006D3001 /* MLXLLM */,
				E305D0512F907912006D3001 /* MLXLMCommon */,
				E305D0532F907912006D3001 /* MLXVLM */,
				E3AADEB52F90B96B0058D9E1 /* MLXEmbeddersTokenizers */,
				E3AADEB72F90B96B0058D9E1 /* MLXLMTokenizers */,
				E3AADEBA2F90B9CE0058D9E1 /* MLXEmbeddersHFAPI */,
				E3AADEBC2F90B9CE0058D9E1 /* MLXLMHFAPI */,
			);
			productName = "LLM Xplore";
			productReference = E3ED2F2D2F83D4CD0058D483 /* LLM Xplore.app */;
			productType = "com.apple.product-type.application";
		};
/* End PBXNativeTarget section */

/* Begin PBXProject section */
		E3ED2F252F83D4CD0058D483 /* Project object */ = {
			isa = PBXProject;
			attributes = {
				BuildIndependentTargetsInParallel = 1;
				LastSwiftUpdateCheck = 2640;
				LastUpgradeCheck = 2640;
				TargetAttributes = {
					E3ED2F2C2F83D4CD0058D483 = {
						CreatedOnToolsVersion = 26.4;
					};
				};
			};
			buildConfigurationList = E3ED2F282F83D4CD0058D483 /* Build configuration list for PBXProject "LLM Xplore" */;
			developmentRegion = en;
			hasScannedForEncodings = 0;
			knownRegions = (
				en,
				Base,
			);
			mainGroup = E3ED2F242F83D4CD0058D483;
			minimizedProjectReferenceProxies = 1;
			packageReferences = (
				E35BDEED2F84074100F67564 /* XCRemoteSwiftPackageReference "mlx-swift" */,
				E3A31F2F2F8FBE8F00D18547 /* XCRemoteSwiftPackageReference "Chat" */,
				E305D04A2F907912006D3001 /* XCRemoteSwiftPackageReference "mlx-swift-lm" */,
				E3AADEB42F90B96B0058D9E1 /* XCRemoteSwiftPackageReference "swift-tokenizers-mlx" */,
				E3AADEB92F90B9CE0058D9E1 /* XCRemoteSwiftPackageReference "swift-hf-api-mlx" */,
			);
			preferredProjectObjectVersion = 77;
			productRefGroup = E3ED2F2E2F83D4CD0058D483 /* Products */;
			projectDirPath = "";
			projectRoot = "";
			targets = (
				E3ED2F2C2F83D4CD0058D483 /* LLM Xplore */,
			);
		};
/* End PBXProject section */

/* Begin PBXResourcesBuildPhase section */
		E3ED2F2B2F83D4CD0058D483 /* Resources */ = {
			isa = PBXResourcesBuildPhase;
			buildActionMask = 2147483647;
			files = (
			);
			runOnlyForDeploymentPostprocessing = 0;
		};
/* End PBXResourcesBuildPhase section */

/* Begin PBXSourcesBuildPhase section */
		E3ED2F292F83D4CD0058D483 /* Sources */ = {
			isa = PBXSourcesBuildPhase;
			buildActionMask = 2147483647;
			files = (
			);
			runOnlyForDeploymentPostprocessing = 0;
		};
/* End PBXSourcesBuildPhase section */

/* Begin XCBuildConfiguration section */
		E3ED2F382F83D4CE0058D483 /* Debug */ = {
			isa = XCBuildConfiguration;
			buildSettings = {
				ALWAYS_SEARCH_USER_PATHS = NO;
				ASSETCATALOG_COMPILER_GENERATE_SWIFT_ASSET_SYMBOL_EXTENSIONS = YES;
				CLANG_ANALYZER_NONNULL = YES;
				CLANG_ANALYZER_NUMBER_OBJECT_CONVERSION = YES_AGGRESSIVE;
				CLANG_CXX_LANGUAGE_STANDARD = "gnu++20";
				CLANG_ENABLE_MODULES = YES;
				CLANG_ENABLE_OBJC_ARC = YES;
				CLANG_ENABLE_OBJC_WEAK = YES;
				CLANG_WARN_BLOCK_CAPTURE_AUTORELEASING = YES;
				CLANG_WARN_BOOL_CONVERSION = YES;
				CLANG_WARN_COMMA = YES;
				CLANG_WARN_CONSTANT_CONVERSION = YES;
				CLANG_WARN_DEPRECATED_OBJC_IMPLEMENTATIONS = YES;
				CLANG_WARN_DIRECT_OBJC_ISA_USAGE = YES_ERROR;
				CLANG_WARN_DOCUMENTATION_COMMENTS = YES;
				CLANG_WARN_EMPTY_BODY = YES;
				CLANG_WARN_ENUM_CONVERSION = YES;
				CLANG_WARN_INFINITE_RECURSION = YES;
				CLANG_WARN_INT_CONVERSION = YES;
				CLANG_WARN_NON_LITERAL_NULL_CONVERSION = YES;
				CLANG_WARN_OBJC_IMPLICIT_RETAIN_SELF = YES;
				CLANG_WARN_OBJC_LITERAL_CONVERSION = YES;
				CLANG_WARN_OBJC_ROOT_CLASS = YES_ERROR;
				CLANG_WARN_QUOTED_INCLUDE_IN_FRAMEWORK_HEADER = YES;
				CLANG_WARN_RANGE_LOOP_ANALYSIS = YES;
				CLANG_WARN_STRICT_PROTOTYPES = YES;
				CLANG_WARN_SUSPICIOUS_MOVE = YES;
				CLANG_WARN_UNGUARDED_AVAILABILITY = YES_AGGRESSIVE;
				CLANG_WARN_UNREACHABLE_CODE = YES;
				CLANG_WARN__DUPLICATE_METHOD_MATCH = YES;
				COPY_PHASE_STRIP = NO;
				DEBUG_INFORMATION_FORMAT = dwarf;
				DEVELOPMENT_TEAM = N5R4643XP6;
				ENABLE_STRICT_OBJC_MSGSEND = YES;
				ENABLE_TESTABILITY = YES;
				ENABLE_USER_SCRIPT_SANDBOXING = YES;
				GCC_C_LANGUAGE_STANDARD = gnu17;
				GCC_DYNAMIC_NO_PIC = NO;
				GCC_NO_COMMON_BLOCKS = YES;
				GCC_OPTIMIZATION_LEVEL = 0;
				GCC_PREPROCESSOR_DEFINITIONS = (
					"DEBUG=1",
					"$(inherited)",
				);
				GCC_WARN_64_TO_32_BIT_CONVERSION = YES;
				GCC_WARN_ABOUT_RETURN_TYPE = YES_ERROR;
				GCC_WARN_UNDECLARED_SELECTOR = YES;
				GCC_WARN_UNINITIALIZED_AUTOS = YES_AGGRESSIVE;
				GCC_WARN_UNUSED_FUNCTION = YES;
				GCC_WARN_UNUSED_VARIABLE = YES;
				LOCALIZATION_PREFERS_STRING_CATALOGS = YES;
				MTL_ENABLE_DEBUG_INFO = INCLUDE_SOURCE;
				MTL_FAST_MATH = YES;
				ONLY_ACTIVE_ARCH = YES;
				SWIFT_ACTIVE_COMPILATION_CONDITIONS = "DEBUG $(inherited)";
				SWIFT_OPTIMIZATION_LEVEL = "-Onone";
			};
			name = Debug;
		};
		E3ED2F392F83D4CE0058D483 /* Release */ = {
			isa = XCBuildConfiguration;
			buildSettings = {
				ALWAYS_SEARCH_USER_PATHS = NO;
				ASSETCATALOG_COMPILER_GENERATE_SWIFT_ASSET_SYMBOL_EXTENSIONS = YES;
				CLANG_ANALYZER_NONNULL = YES;
				CLANG_ANALYZER_NUMBER_OBJECT_CONVERSION = YES_AGGRESSIVE;
				CLANG_CXX_LANGUAGE_STANDARD = "gnu++20";
				CLANG_ENABLE_MODULES = YES;
				CLANG_ENABLE_OBJC_ARC = YES;
				CLANG_ENABLE_OBJC_WEAK = YES;
				CLANG_WARN_BLOCK_CAPTURE_AUTORELEASING = YES;
				CLANG_WARN_BOOL_CONVERSION = YES;
				CLANG_WARN_COMMA = YES;
				CLANG_WARN_CONSTANT_CONVERSION = YES;
				CLANG_WARN_DEPRECATED_OBJC_IMPLEMENTATIONS = YES;
				CLANG_WARN_DIRECT_OBJC_ISA_USAGE = YES_ERROR;
				CLANG_WARN_DOCUMENTATION_COMMENTS = YES;
				CLANG_WARN_EMPTY_BODY = YES;
				CLANG_WARN_ENUM_CONVERSION = YES;
				CLANG_WARN_INFINITE_RECURSION = YES;
				CLANG_WARN_INT_CONVERSION = YES;
				CLANG_WARN_NON_LITERAL_NULL_CONVERSION = YES;
				CLANG_WARN_OBJC_IMPLICIT_RETAIN_SELF = YES;
				CLANG_WARN_OBJC_LITERAL_CONVERSION = YES;
				CLANG_WARN_OBJC_ROOT_CLASS = YES_ERROR;
				CLANG_WARN_QUOTED_INCLUDE_IN_FRAMEWORK_HEADER = YES;
				CLANG_WARN_RANGE_LOOP_ANALYSIS = YES;
				CLANG_WARN_STRICT_PROTOTYPES = YES;
				CLANG_WARN_SUSPICIOUS_MOVE = YES;
				CLANG_WARN_UNGUARDED_AVAILABILITY = YES_AGGRESSIVE;
				CLANG_WARN_UNREACHABLE_CODE = YES;
				CLANG_WARN__DUPLICATE_METHOD_MATCH = YES;
				COPY_PHASE_STRIP = NO;
				DEBUG_INFORMATION_FORMAT = "dwarf-with-dsym";
				DEVELOPMENT_TEAM = N5R4643XP6;
				ENABLE_NS_ASSERTIONS = NO;
				ENABLE_STRICT_OBJC_MSGSEND = YES;
				ENABLE_USER_SCRIPT_SANDBOXING = YES;
				GCC_C_LANGUAGE_STANDARD = gnu17;
				GCC_NO_COMMON_BLOCKS = YES;
				GCC_WARN_64_TO_32_BIT_CONVERSION = YES;
				GCC_WARN_ABOUT_RETURN_TYPE = YES_ERROR;
				GCC_WARN_UNDECLARED_SELECTOR = YES;
				GCC_WARN_UNINITIALIZED_AUTOS = YES_AGGRESSIVE;
				GCC_WARN_UNUSED_FUNCTION = YES;
				GCC_WARN_UNUSED_VARIABLE = YES;
				LOCALIZATION_PREFERS_STRING_CATALOGS = YES;
				MTL_ENABLE_DEBUG_INFO = NO;
				MTL_FAST_MATH = YES;
				SWIFT_COMPILATION_MODE = wholemodule;
			};
			name = Release;
		};
		E3ED2F3B2F83D4CE0058D483 /* Debug */ = {
			isa = XCBuildConfiguration;
			buildSettings = {
				ASSETCATALOG_COMPILER_APPICON_NAME = AppIcon;
				ASSETCATALOG_COMPILER_GLOBAL_ACCENT_COLOR_NAME = AccentColor;
				CODE_SIGN_STYLE = Automatic;
				CURRENT_PROJECT_VERSION = 1;
				DEVELOPMENT_TEAM = N5R4643XP6;
				ENABLE_APP_SANDBOX = YES;
				ENABLE_HARDENED_RUNTIME = YES;
				ENABLE_PREVIEWS = YES;
				ENABLE_USER_SELECTED_FILES = readonly;
				GENERATE_INFOPLIST_FILE = YES;
				INFOPLIST_KEY_LSApplicationCategoryType = "public.app-category.productivity";
				"INFOPLIST_KEY_UIApplicationSceneManifest_Generation[sdk=iphoneos*]" = YES;
				"INFOPLIST_KEY_UIApplicationSceneManifest_Generation[sdk=iphonesimulator*]" = YES;
				"INFOPLIST_KEY_UIApplicationSupportsIndirectInputEvents[sdk=iphoneos*]" = YES;
				"INFOPLIST_KEY_UIApplicationSupportsIndirectInputEvents[sdk=iphonesimulator*]" = YES;
				"INFOPLIST_KEY_UILaunchScreen_Generation[sdk=iphoneos*]" = YES;
				"INFOPLIST_KEY_UILaunchScreen_Generation[sdk=iphonesimulator*]" = YES;
				"INFOPLIST_KEY_UIStatusBarStyle[sdk=iphoneos*]" = UIStatusBarStyleDefault;
				"INFOPLIST_KEY_UIStatusBarStyle[sdk=iphonesimulator*]" = UIStatusBarStyleDefault;
				INFOPLIST_KEY_UISupportedInterfaceOrientations = UIInterfaceOrientationPortrait;
				INFOPLIST_KEY_UISupportedInterfaceOrientations_iPad = "UIInterfaceOrientationLandscapeLeft UIInterfaceOrientationLandscapeRight UIInterfaceOrientationPortrait UIInterfaceOrientationPortraitUpsideDown";
				IPHONEOS_DEPLOYMENT_TARGET = 18.6;
				LD_RUNPATH_SEARCH_PATHS = "@executable_path/Frameworks";
				"LD_RUNPATH_SEARCH_PATHS[sdk=macosx*]" = "@executable_path/../Frameworks";
				MACOSX_DEPLOYMENT_TARGET = 15.6;
				MARKETING_VERSION = 1.0;
				PRODUCT_BUNDLE_IDENTIFIER = "top.aeilot.LLM-Xplore";
				PRODUCT_NAME = "$(TARGET_NAME)";
				REGISTER_APP_GROUPS = YES;
				SDKROOT = auto;
				STRING_CATALOG_GENERATE_SYMBOLS = YES;
				SUPPORTED_PLATFORMS = "iphoneos iphonesimulator";
				SUPPORTS_MACCATALYST = YES;
				SWIFT_APPROACHABLE_CONCURRENCY = YES;
				SWIFT_DEFAULT_ACTOR_ISOLATION = MainActor;
				SWIFT_EMIT_LOC_STRINGS = YES;
				SWIFT_UPCOMING_FEATURE_MEMBER_IMPORT_VISIBILITY = YES;
				SWIFT_VERSION = 5.0;
				TARGETED_DEVICE_FAMILY = "1,2,6";
				XROS_DEPLOYMENT_TARGET = 26.4;
			};
			name = Debug;
		};
		E3ED2F3C2F83D4CE0058D483 /* Release */ = {
			isa = XCBuildConfiguration;
			buildSettings = {
				ASSETCATALOG_COMPILER_APPICON_NAME = AppIcon;
				ASSETCATALOG_COMPILER_GLOBAL_ACCENT_COLOR_NAME = AccentColor;
				CODE_SIGN_STYLE = Automatic;
				CURRENT_PROJECT_VERSION = 1;
				DEVELOPMENT_TEAM = N5R4643XP6;
				ENABLE_APP_SANDBOX = YES;
				ENABLE_HARDENED_RUNTIME = YES;
				ENABLE_PREVIEWS = YES;
				ENABLE_USER_SELECTED_FILES = readonly;
				GENERATE_INFOPLIST_FILE = YES;
				INFOPLIST_KEY_LSApplicationCategoryType = "public.app-category.productivity";
				"INFOPLIST_KEY_UIApplicationSceneManifest_Generation[sdk=iphoneos*]" = YES;
				"INFOPLIST_KEY_UIApplicationSceneManifest_Generation[sdk=iphonesimulator*]" = YES;
				"INFOPLIST_KEY_UIApplicationSupportsIndirectInputEvents[sdk=iphoneos*]" = YES;
				"INFOPLIST_KEY_UIApplicationSupportsIndirectInputEvents[sdk=iphonesimulator*]" = YES;
				"INFOPLIST_KEY_UILaunchScreen_Generation[sdk=iphoneos*]" = YES;
				"INFOPLIST_KEY_UILaunchScreen_Generation[sdk=iphonesimulator*]" = YES;
				"INFOPLIST_KEY_UIStatusBarStyle[sdk=iphoneos*]" = UIStatusBarStyleDefault;
				"INFOPLIST_KEY_UIStatusBarStyle[sdk=iphonesimulator*]" = UIStatusBarStyleDefault;
				INFOPLIST_KEY_UISupportedInterfaceOrientations = UIInterfaceOrientationPortrait;
				INFOPLIST_KEY_UISupportedInterfaceOrientations_iPad = "UIInterfaceOrientationLandscapeLeft UIInterfaceOrientationLandscapeRight UIInterfaceOrientationPortrait UIInterfaceOrientationPortraitUpsideDown";
				IPHONEOS_DEPLOYMENT_TARGET = 18.6;
				LD_RUNPATH_SEARCH_PATHS = "@executable_path/Frameworks";
				"LD_RUNPATH_SEARCH_PATHS[sdk=macosx*]" = "@executable_path/../Frameworks";
				MACOSX_DEPLOYMENT_TARGET = 15.6;
				MARKETING_VERSION = 1.0;
				PRODUCT_BUNDLE_IDENTIFIER = "top.aeilot.LLM-Xplore";
				PRODUCT_NAME = "$(TARGET_NAME)";
				REGISTER_APP_GROUPS = YES;
				SDKROOT = auto;
				STRING_CATALOG_GENERATE_SYMBOLS = YES;
				SUPPORTED_PLATFORMS = "iphoneos iphonesimulator";
				SUPPORTS_MACCATALYST = YES;
				SWIFT_APPROACHABLE_CONCURRENCY = YES;
				SWIFT_DEFAULT_ACTOR_ISOLATION = MainActor;
				SWIFT_EMIT_LOC_STRINGS = YES;
				SWIFT_UPCOMING_FEATURE_MEMBER_IMPORT_VISIBILITY = YES;
				SWIFT_VERSION = 5.0;
				TARGETED_DEVICE_FAMILY = "1,2,6";
				XROS_DEPLOYMENT_TARGET = 26.4;
			};
			name = Release;
		};
/* End XCBuildConfiguration section */

/* Begin XCConfigurationList section */
		E3ED2F282F83D4CD0058D483 /* Build configuration list for PBXProject "LLM Xplore" */ = {
			isa = XCConfigurationList;
			buildConfigurations = (
				E3ED2F382F83D4CE0058D483 /* Debug */,
				E3ED2F392F83D4CE0058D483 /* Release */,
			);
			defaultConfigurationIsVisible = 0;
			defaultConfigurationName = Release;
		};
		E3ED2F3A2F83D4CE0058D483 /* Build configuration list for PBXNativeTarget "LLM Xplore" */ = {
			isa = XCConfigurationList;
			buildConfigurations = (
				E3ED2F3B2F83D4CE0058D483 /* Debug */,
				E3ED2F3C2F83D4CE0058D483 /* Release */,
			);
			defaultConfigurationIsVisible = 0;
			defaultConfigurationName = Release;
		};
/* End XCConfigurationList section */

/* Begin XCRemoteSwiftPackageReference section */
		E305D04A2F907912006D3001 /* XCRemoteSwiftPackageReference "mlx-swift-lm" */ = {
			isa = XCRemoteSwiftPackageReference;
			repositoryURL = "https://github.com/ml-explore/mlx-swift-lm";
			requirement = {
				kind = upToNextMajorVersion;
				minimumVersion = 3.31.3;
			};
		};
		E35BDEED2F84074100F67564 /* XCRemoteSwiftPackageReference "mlx-swift" */ = {
			isa = XCRemoteSwiftPackageReference;
			repositoryURL = "https://github.com/ml-explore/mlx-swift";
			requirement = {
				kind = upToNextMajorVersion;
				minimumVersion = 0.31.3;
			};
		};
		E3A31F2F2F8FBE8F00D18547 /* XCRemoteSwiftPackageReference "Chat" */ = {
			isa = XCRemoteSwiftPackageReference;
			repositoryURL = "https://github.com/exyte/Chat.git";
			requirement = {
				kind = upToNextMajorVersion;
				minimumVersion = 3.0.2;
			};
		};
		E3AADEB42F90B96B0058D9E1 /* XCRemoteSwiftPackageReference "swift-tokenizers-mlx" */ = {
			isa = XCRemoteSwiftPackageReference;
			repositoryURL = "https://github.com/DePasqualeOrg/swift-tokenizers-mlx";
			requirement = {
				kind = upToNextMajorVersion;
				minimumVersion = 0.2.0;
			};
		};
		E3AADEB92F90B9CE0058D9E1 /* XCRemoteSwiftPackageReference "swift-hf-api-mlx" */ = {
			isa = XCRemoteSwiftPackageReference;
			repositoryURL = "https://github.com/DePasqualeOrg/swift-hf-api-mlx";
			requirement = {
				kind = upToNextMajorVersion;
				minimumVersion = 0.2.0;
			};
		};
/* End XCRemoteSwiftPackageReference section */

/* Begin XCSwiftPackageProductDependency section */
		E305D04B2F907912006D3001 /* MLXEmbedders */ = {
			isa = XCSwiftPackageProductDependency;
			package = E305D04A2F907912006D3001 /* XCRemoteSwiftPackageReference "mlx-swift-lm" */;
			productName = MLXEmbedders;
		};
		E305D04D2F907912006D3001 /* MLXHuggingFace */ = {
			isa = XCSwiftPackageProductDependency;
			package = E305D04A2F907912006D3001 /* XCRemoteSwiftPackageReference "mlx-swift-lm" */;
			productName = MLXHuggingFace;
		};
		E305D04F2F907912006D3001 /* MLXLLM */ = {
			isa = XCSwiftPackageProductDependency;
			package = E305D04A2F907912006D3001 /* XCRemoteSwiftPackageReference "mlx-swift-lm" */;
			productName = MLXLLM;
		};
		E305D0512F907912006D3001 /* MLXLMCommon */ = {
			isa = XCSwiftPackageProductDependency;
			package = E305D04A2F907912006D3001 /* XCRemoteSwiftPackageReference "mlx-swift-lm" */;
			productName = MLXLMCommon;
		};
		E305D0532F907912006D3001 /* MLXVLM */ = {
			isa = XCSwiftPackageProductDependency;
			package = E305D04A2F907912006D3001 /* XCRemoteSwiftPackageReference "mlx-swift-lm" */;
			productName = MLXVLM;
		};
		E35BDEEE2F84074100F67564 /* MLX */ = {
			isa = XCSwiftPackageProductDependency;
			package = E35BDEED2F84074100F67564 /* XCRemoteSwiftPackageReference "mlx-swift" */;
			productName = MLX;
		};
		E35BDEF02F84074100F67564 /* MLXFFT */ = {
			isa = XCSwiftPackageProductDependency;
			package = E35BDEED2F84074100F67564 /* XCRemoteSwiftPackageReference "mlx-swift" */;
			productName = MLXFFT;
		};
		E35BDEF22F84074100F67564 /* MLXFast */ = {
			isa = XCSwiftPackageProductDependency;
			package = E35BDEED2F84074100F67564 /* XCRemoteSwiftPackageReference "mlx-swift" */;
			productName = MLXFast;
		};
		E35BDEF42F84074100F67564 /* MLXLinalg */ = {
			isa = XCSwiftPackageProductDependency;
			package = E35BDEED2F84074100F67564 /* XCRemoteSwiftPackageReference "mlx-swift" */;
			productName = MLXLinalg;
		};
		E35BDEF62F84074100F67564 /* MLXNN */ = {
			isa = XCSwiftPackageProductDependency;
			package = E35BDEED2F84074100F67564 /* XCRemoteSwiftPackageReference "mlx-swift" */;
			productName = MLXNN;
		};
		E35BDEF82F84074100F67564 /* MLXOptimizers */ = {
			isa = XCSwiftPackageProductDependency;
			package = E35BDEED2F84074100F67564 /* XCRemoteSwiftPackageReference "mlx-swift" */;
			productName = MLXOptimizers;
		};
		E35BDEFA2F84074100F67564 /* MLXRandom */ = {
			isa = XCSwiftPackageProductDependency;
			package = E35BDEED2F84074100F67564 /* XCRemoteSwiftPackageReference "mlx-swift" */;
			productName = MLXRandom;
		};
		E3A31F302F8FBE8F00D18547 /* ExyteChat */ = {
			isa = XCSwiftPackageProductDependency;
			package = E3A31F2F2F8FBE8F00D18547 /* XCRemoteSwiftPackageReference "Chat" */;
			productName = ExyteChat;
		};
		E3AADEB52F90B96B0058D9E1 /* MLXEmbeddersTokenizers */ = {
			isa = XCSwiftPackageProductDependency;
			package = E3AADEB42F90B96B0058D9E1 /* XCRemoteSwiftPackageReference "swift-tokenizers-mlx" */;
			productName = MLXEmbeddersTokenizers;
		};
		E3AADEB72F90B96B0058D9E1 /* MLXLMTokenizers */ = {
			isa = XCSwiftPackageProductDependency;
			package = E3AADEB42F90B96B0058D9E1 /* XCRemoteSwiftPackageReference "swift-tokenizers-mlx" */;
			productName = MLXLMTokenizers;
		};
		E3AADEBA2F90B9CE0058D9E1 /* MLXEmbeddersHFAPI */ = {
			isa = XCSwiftPackageProductDependency;
			package = E3AADEB92F90B9CE0058D9E1 /* XCRemoteSwiftPackageReference "swift-hf-api-mlx" */;
			productName = MLXEmbeddersHFAPI;
		};
		E3AADEBC2F90B9CE0058D9E1 /* MLXLMHFAPI */ = {
			isa = XCSwiftPackageProductDependency;
			package = E3AADEB92F90B9CE0058D9E1 /* XCRemoteSwiftPackageReference "swift-hf-api-mlx" */;
			productName = MLXLMHFAPI;
		};
/* End XCSwiftPackageProductDependency section */
	};
	rootObject = E3ED2F252F83D4CD0058D483 /* Project object */;
}
